
Microsoft Visual Studio Solution File, Format Version 12.00
# Visual Studio Version 16
VisualStudioVersion = 16.0.30128.74
MinimumVisualStudioVersion = 10.0.40219.1
Project("{8BC9CEB8-8B4A-11D0-8D11-00A0C91BC942}") = "opencvSample1", "opencvSample1\opencvSample1.vcxproj", "{D08519F0-C18B-404D-9BAE-0A5AD43936C9}"
EndProject
Global
	GlobalSection(SolutionConfigurationPlatforms) = preSolution
		Debug|x64 = Debug|x64
		Debug|x86 = Debug|x86
		Release|x64 = Release|x64
		Release|x86 = Release|x86
	EndGlobalSection
	GlobalSection(ProjectConfigurationPlatforms) = postSolution
		{D08519F0-C18B-404D-9BAE-0A5AD43936C9}.Debug|x64.ActiveCfg = Debug|x64
		{D08519F0-C18B-404D-9BAE-0A5AD43936C9}.Debug|x64.Build.0 = Debug|x64
		{D08519F0-C18B-404D-9BAE-0A5AD43936C9}.Debug|x86.ActiveCfg = Debug|Win32
		{D08519F0-C18B-404D-9BAE-0A5AD43936C9}.Debug|x86.Build.0 = Debug|Win32
		{D08519F0-C18B-404D-9BAE-0A5AD43936C9}.Release|x64.ActiveCfg = Release|x64
		{D08519F0-C18B-404D-9BAE-0A5AD43936C9}.Release|x64.Build.0 = Release|x64
		{D08519F0-C18B-404D-9BAE-0A5AD43936C9}.Release|x86.ActiveCfg = Release|Win32
		{D08519F0-C18B-404D-9BAE-0A5AD43936C9}.Release|x86.Build.0 = Release|Win32
	EndGlobalSection
	GlobalSection(SolutionProperties) = preSolution
		HideSolutionNode = FALSE
	EndGlobalSection
	GlobalSection(ExtensibilityGlobals) = postSolution
		SolutionGuid = {F2150CB7-1C18-4E45-8014-C250C55CCF25}
	EndGlobalSection
EndGlobal
